
Microsoft Visual Studio Solution File, Format Version 12.00
# Visual Studio Version 17
VisualStudioVersion = 17.4.33110.190
MinimumVisualStudioVersion = 10.0.40219.1
Project("{FAE04EC0-301F-11D3-BF4B-00C04F79EFBC}") = "UC5_DeleteFirstElement", "UC5_DeleteFirstElement.csproj", "{8C5F19D0-7F1D-4CB8-9E39-B53D23A27181}"
EndProject
Global
	GlobalSection(SolutionConfigurationPlatforms) = preSolution
		Debug|Any CPU = Debug|Any CPU
		Release|Any CPU = Release|Any CPU
	EndGlobalSection
	GlobalSection(ProjectConfigurationPlatforms) = postSolution
		{8C5F19D0-7F1D-4CB8-9E39-B53D23A27181}.Debug|Any CPU.ActiveCfg = Debug|Any CPU
		{8C5F19D0-7F1D-4CB8-9E39-B53D23A27181}.Debug|Any CPU.Build.0 = Debug|Any CPU
		{8C5F19D0-7F1D-4CB8-9E39-B53D23A27181}.Release|Any CPU.ActiveCfg = Release|Any CPU
		{8C5F19D0-7F1D-4CB8-9E39-B53D23A27181}.Release|Any CPU.Build.0 = Release|Any CPU
	EndGlobalSection
	GlobalSection(SolutionProperties) = preSolution
		HideSolutionNode = FALSE
	EndGlobalSection
	GlobalSection(ExtensibilityGlobals) = postSolution
		SolutionGuid = {2F47B9F9-1A31-4A4E-9694-3B3498EF2D1A}
	EndGlobalSection
EndGlobal
